{
  "name": "frontend",
  "version": "17.10.0+alpha.835",
  "lockfileVersion": 1,
  "requires": true,
  "dependencies": {
    "moustache": {
      "version": "0.0.2",
      "resolved": "https://registry.npmjs.org/moustache/-/moustache-0.0.2.tgz",
      "integrity": "sha1-S8FByja0XSeZgjY139uny6EQwHc=",
      "requires": {
        "mustache": "2.2.1"
      }
    },
    "mustache": {
      "version": "2.2.1",
      "resolved": "https://registry.npmjs.org/mustache/-/mustache-2.2.1.tgz",
      "integrity": "sha1-LEDKIcJ49TFQaCvPkJDkGjM5uHY="
    }
  }
}
